{
  "name": "numena-id",
  "lockfileVersion": 3,
  "requires": true,
  "packages": {
    "": {
      "dependencies": {
        "@onchain-id/solidity": "github:onchain-id/solidity"
      }
    },
    "node_modules/@onchain-id/solidity": {
      "version": "2.2.1",
      "resolved": "git+ssh://git@github.com/onchain-id/solidity.git#a483cda6821e3883497972d36d0c4c1e1693e483",
      "license": "ISC"
    }
  }
}
